// !$*UTF8*$!
{
	archiveVersion = 1;
	classes = {
	};
	objectVersion = 48;
	objects = {

/* Begin PBXBuildFile section */
		952BD07B1F85A004003DC176 /* AppDelegate.swift in Sources */ = {isa = PBXBuildFile; fileRef = 952BD07A1F85A004003DC176 /* AppDelegate.swift */; };
		952BD07D1F85A004003DC176 /* ViewController.swift in Sources */ = {isa = PBXBuildFile; fileRef = 952BD07C1F85A004003DC176 /* ViewController.swift */; };
		952BD0801F85A004003DC176 /* Main.storyboard in Resources */ = {isa = PBXBuildFile; fileRef = 952BD07E1F85A004003DC176 /* Main.storyboard */; };
		952BD0821F85A004003DC176 /* Assets.xcassets in Resources */ = {isa = PBXBuildFile; fileRef = 952BD0811F85A004003DC176 /* Assets.xcassets */; };
		952BD0851F85A004003DC176 /* LaunchScreen.storyboard in Resources */ = {isa = PBXBuildFile; fileRef = 952BD0831F85A004003DC176 /* LaunchScreen.storyboard */; };
		952BD0901F85A004003DC176 /* RGB_Color_SliderTests.swift in Sources */ = {isa = PBXBuildFile; fileRef = 952BD08F1F85A004003DC176 /* RGB_Color_SliderTests.swift */; };
/* End PBXBuildFile section */

/* Begin PBXContainerItemProxy section */
		952BD08C1F85A004003DC176 /* PBXContainerItemProxy */ = {
			isa = PBXContainerItemProxy;
			containerPortal = 952BD06F1F85A004003DC176 /* Project object */;
			proxyType = 1;
			remoteGlobalIDString = 952BD0761F85A004003DC176;
			remoteInfo = "RGB Color Slider";
		};
/* End PBXContainerItemProxy section */

/* Begin PBXFileReference section */
		952BD0771F85A004003DC176 /* RGB Color Slider.app */ = {isa = PBXFileReference; explicitFileType = wrapper.application; includeInIndex = 0; path = "RGB Color Slider.app"; sourceTree = BUILT_PRODUCTS_DIR; };
		952BD07A1F85A004003DC176 /* AppDelegate.swift */ = {isa = PBXFileReference; lastKnownFileType = sourcecode.swift; path = AppDelegate.swift; sourceTree = "<group>"; };
		952BD07C1F85A004003DC176 /* ViewController.swift */ = {isa = PBXFileReference; lastKnownFileType = sourcecode.swift; path = ViewController.swift; sourceTree = "<group>"; };
		952BD07F1F85A004003DC176 /* Base */ = {isa = PBXFileReference; lastKnownFileType = file.storyboard; name = Base; path = Base.lproj/Main.storyboard; sourceTree = "<group>"; };
		952BD0811F85A004003DC176 /* Assets.xcassets */ = {isa = PBXFileReference; lastKnownFileType = folder.assetcatalog; path = Assets.xcassets; sourceTree = "<group>"; };
		952BD0841F85A004003DC176 /* Base */ = {isa = PBXFileReference; lastKnownFileType = file.storyboard; name = Base; path = Base.lproj/LaunchScreen.storyboard; sourceTree = "<group>"; };
		952BD0861F85A004003DC176 /* Info.plist */ = {isa = PBXFileReference; lastKnownFileType = text.plist.xml; path = Info.plist; sourceTree = "<group>"; };
		952BD08B1F85A004003DC176 /* RGB Color SliderTests.xctest */ = {isa = PBXFileReference; explicitFileType = wrapper.cfbundle; includeInIndex = 0; path = "RGB Color SliderTests.xctest"; sourceTree = BUILT_PRODUCTS_DIR; };
		952BD08F1F85A004003DC176 /* RGB_Color_SliderTests.swift */ = {isa = PBXFileReference; lastKnownFileType = sourcecode.swift; path = RGB_Color_SliderTests.swift; sourceTree = "<group>"; };
		952BD0911F85A004003DC176 /* Info.plist */ = {isa = PBXFileReference; lastKnownFileType = text.plist.xml; path = Info.plist; sourceTree = "<group>"; };
/* End PBXFileReference section */

/* Begin PBXFrameworksBuildPhase section */
		952BD0741F85A004003DC176 /* Frameworks */ = {
			isa = PBXFrameworksBuildPhase;
			buildActionMask = 2147483647;
			files = (
			);
			runOnlyForDeploymentPostprocessing = 0;
		};
		952BD0881F85A004003DC176 /* Frameworks */ = {
			isa = PBXFrameworksBuildPhase;
			buildActionMask = 2147483647;
			files = (
			);
			runOnlyForDeploymentPostprocessing = 0;
		};
/* End PBXFrameworksBuildPhase section */

/* Begin PBXGroup section */
		952BD06E1F85A004003DC176 = {
			isa = PBXGroup;
			children = (
				952BD0791F85A004003DC176 /* RGB Color Slider */,
				952BD08E1F85A004003DC176 /* RGB Color SliderTests */,
				952BD0781F85A004003DC176 /* Products */,
			);
			sourceTree = "<group>";
		};
		952BD0781F85A004003DC176 /* Products */ = {
			isa = PBXGroup;
			children = (
				952BD0771F85A004003DC176 /* RGB Color Slider.app */,
				952BD08B1F85A004003DC176 /* RGB Color SliderTests.xctest */,
			);
			name = Products;
			sourceTree = "<group>";
		};
		952BD0791F85A004003DC176 /* RGB Color Slider */ = {
			isa = PBXGroup;
			children = (
				952BD07A1F85A004003DC176 /* AppDelegate.swift */,
				952BD07C1F85A004003DC176 /* ViewController.swift */,
				952BD07E1F85A004003DC176 /* Main.storyboard */,
				952BD0811F85A004003DC176 /* Assets.xcassets */,
				952BD0831F85A004003DC176 /* LaunchScreen.storyboard */,
				952BD0861F85A004003DC176 /* Info.plist */,
			);
			path = "RGB Color Slider";
			sourceTree = "<group>";
		};
		952BD08E1F85A004003DC176 /* RGB Color SliderTests */ = {
			isa = PBXGroup;
			children = (
				952BD08F1F85A004003DC176 /* RGB_Color_SliderTests.swift */,
				952BD0911F85A004003DC176 /* Info.plist */,
			);
			path = "RGB Color SliderTests";
			sourceTree = "<group>";
		};
/* End PBXGroup section */

/* Begin PBXNativeTarget section */
		952BD0761F85A004003DC176 /* RGB Color Slider */ = {
			isa = PBXNativeTarget;
			buildConfigurationList = 952BD0941F85A004003DC176 /* Build configuration list for PBXNativeTarget "RGB Color Slider" */;
			buildPhases = (
				952BD0731F85A004003DC176 /* Sources */,
				952BD0741F85A004003DC176 /* Frameworks */,
				952BD0751F85A004003DC176 /* Resources */,
			);
			buildRules = (
			);
			dependencies = (
			);
			name = "RGB Color Slider";
			productName = "RGB Color Slider";
			productReference = 952BD0771F85A004003DC176 /* RGB Color Slider.app */;
			productType = "com.apple.product-type.application";
		};
		952BD08A1F85A004003DC176 /* RGB Color SliderTests */ = {
			isa = PBXNativeTarget;
			buildConfigurationList = 952BD0971F85A004003DC176 /* Build configuration list for PBXNativeTarget "RGB Color SliderTests" */;
			buildPhases = (
				952BD0871F85A004003DC176 /* Sources */,
				952BD0881F85A004003DC176 /* Frameworks */,
				952BD0891F85A004003DC176 /* Resources */,
			);
			buildRules = (
			);
			dependencies = (
				952BD08D1F85A004003DC176 /* PBXTargetDependency */,
			);
			name = "RGB Color SliderTests";
			productName = "RGB Color SliderTests";
			productReference = 952BD08B1F85A004003DC176 /* RGB Color SliderTests.xctest */;
			productType = "com.apple.product-type.bundle.unit-test";
		};
/* End PBXNativeTarget section */

/* Begin PBXProject section */
		952BD06F1F85A004003DC176 /* Project object */ = {
			isa = PBXProject;
			attributes = {
				LastSwiftUpdateCheck = 0900;
				LastUpgradeCheck = 0900;
				ORGANIZATIONNAME = "Sapna Chandiramani";
				TargetAttributes = {
					952BD0761F85A004003DC176 = {
						CreatedOnToolsVersion = 9.0;
						ProvisioningStyle = Automatic;
					};
					952BD08A1F85A004003DC176 = {
						CreatedOnToolsVersion = 9.0;
						ProvisioningStyle = Automatic;
						TestTargetID = 952BD0761F85A004003DC176;
					};
				};
			};
			buildConfigurationList = 952BD0721F85A004003DC176 /* Build configuration list for PBXProject "RGB Color Slider" */;
			compatibilityVersion = "Xcode 8.0";
			developmentRegion = en;
			hasScannedForEncodings = 0;
			knownRegions = (
				en,
				Base,
			);
			mainGroup = 952BD06E1F85A004003DC176;
			productRefGroup = 952BD0781F85A004003DC176 /* Products */;
			projectDirPath = "";
			projectRoot = "";
			targets = (
				952BD0761F85A004003DC176 /* RGB Color Slider */,
				952BD08A1F85A004003DC176 /* RGB Color SliderTests */,
			);
		};
/* End PBXProject section */

/* Begin PBXResourcesBuildPhase section */
		952BD0751F85A004003DC176 /* Resources */ = {
			isa = PBXResourcesBuildPhase;
			buildActionMask = 2147483647;
			files = (
				952BD0851F85A004003DC176 /* LaunchScreen.storyboard in Resources */,
				952BD0821F85A004003DC176 /* Assets.xcassets in Resources */,
				952BD0801F85A004003DC176 /* Main.storyboard in Resources */,
			);
			runOnlyForDeploymentPostprocessing = 0;
		};
		952BD0891F85A004003DC176 /* Resources */ = {
			isa = PBXResourcesBuildPhase;
			buildActionMask = 2147483647;
			files = (
			);
			runOnlyForDeploymentPostprocessing = 0;
		};
/* End PBXResourcesBuildPhase section */

/* Begin PBXSourcesBuildPhase section */
		952BD0731F85A004003DC176 /* Sources */ = {
			isa = PBXSourcesBuildPhase;
			buildActionMask = 2147483647;
			files = (
				952BD07D1F85A004003DC176 /* ViewController.swift in Sources */,
				952BD07B1F85A004003DC176 /* AppDelegate.swift in Sources */,
			);
			runOnlyForDeploymentPostprocessing = 0;
		};
		952BD0871F85A004003DC176 /* Sources */ = {
			isa = PBXSourcesBuildPhase;
			buildActionMask = 2147483647;
			files = (
				952BD0901F85A004003DC176 /* RGB_Color_SliderTests.swift in Sources */,
			);
			runOnlyForDeploymentPostprocessing = 0;
		};
/* End PBXSourcesBuildPhase section */

/* Begin PBXTargetDependency section */
		952BD08D1F85A004003DC176 /* PBXTargetDependency */ = {
			isa = PBXTargetDependency;
			target = 952BD0761F85A004003DC176 /* RGB Color Slider */;
			targetProxy = 952BD08C1F85A004003DC176 /* PBXContainerItemProxy */;
		};
/* End PBXTargetDependency section */

/* Begin PBXVariantGroup section */
		952BD07E1F85A004003DC176 /* Main.storyboard */ = {
			isa = PBXVariantGroup;
			children = (
				952BD07F1F85A004003DC176 /* Base */,
			);
			name = Main.storyboard;
			sourceTree = "<group>";
		};
		952BD0831F85A004003DC176 /* LaunchScreen.storyboard */ = {
			isa = PBXVariantGroup;
			children = (
				952BD0841F85A004003DC176 /* Base */,
			);
			name = LaunchScreen.storyboard;
			sourceTree = "<group>";
		};
/* End PBXVariantGroup section */

/* Begin XCBuildConfiguration section */
		952BD0921F85A004003DC176 /* Debug */ = {
			isa = XCBuildConfiguration;
			buildSettings = {
				ALWAYS_SEARCH_USER_PATHS = NO;
				CLANG_ANALYZER_NONNULL = YES;
				CLANG_ANALYZER_NUMBER_OBJECT_CONVERSION = YES_AGGRESSIVE;
				CLANG_CXX_LANGUAGE_STANDARD = "gnu++14";
				CLANG_CXX_LIBRARY = "libc++";
				CLANG_ENABLE_MODULES = YES;
				CLANG_ENABLE_OBJC_ARC = YES;
				CLANG_WARN_BLOCK_CAPTURE_AUTORELEASING = YES;
				CLANG_WARN_BOOL_CONVERSION = YES;
				CLANG_WARN_COMMA = YES;
				CLANG_WARN_CONSTANT_CONVERSION = YES;
				CLANG_WARN_DIRECT_OBJC_ISA_USAGE = YES_ERROR;
				CLANG_WARN_DOCUMENTATION_COMMENTS = YES;
				CLANG_WARN_EMPTY_BODY = YES;
				CLANG_WARN_ENUM_CONVERSION = YES;
				CLANG_WARN_INFINITE_RECURSION = YES;
				CLANG_WARN_INT_CONVERSION = YES;
				CLANG_WARN_NON_LITERAL_NULL_CONVERSION = YES;
				CLANG_WARN_OBJC_LITERAL_CONVERSION = YES;
				CLANG_WARN_OBJC_ROOT_CLASS = YES_ERROR;
				CLANG_WARN_RANGE_LOOP_ANALYSIS = YES;
				CLANG_WARN_STRICT_PROTOTYPES = YES;
				CLANG_WARN_SUSPICIOUS_MOVE = YES;
				CLANG_WARN_UNGUARDED_AVAILABILITY = YES_AGGRESSIVE;
				CLANG_WARN_UNREACHABLE_CODE = YES;
				CLANG_WARN__DUPLICATE_METHOD_MATCH = YES;
				CODE_SIGN_IDENTITY = "iPhone Developer";
				COPY_PHASE_STRIP = NO;
				DEBUG_INFORMATION_FORMAT = dwarf;
				ENABLE_STRICT_OBJC_MSGSEND = YES;
				ENABLE_TESTABILITY = YES;
				GCC_C_LANGUAGE_STANDARD = gnu11;
				GCC_DYNAMIC_NO_PIC = NO;
				GCC_NO_COMMON_BLOCKS = YES;
				GCC_OPTIMIZATION_LEVEL = 0;
				GCC_PREPROCESSOR_DEFINITIONS = (
					"DEBUG=1",
					"$(inherited)",
				);
				GCC_WARN_64_TO_32_BIT_CONVERSION = YES;
				GCC_WARN_ABOUT_RETURN_TYPE = YES_ERROR;
				GCC_WARN_UNDECLARED_SELECTOR = YES;
				GCC_WARN_UNINITIALIZED_AUTOS = YES_AGGRESSIVE;
				GCC_WARN_UNUSED_FUNCTION = YES;
				GCC_WARN_UNUSED_VARIABLE = YES;
				IPHONEOS_DEPLOYMENT_TARGET = 11.0;
				MTL_ENABLE_DEBUG_INFO = YES;
				ONLY_ACTIVE_ARCH = YES;
				SDKROOT = iphoneos;
				SWIFT_ACTIVE_COMPILATION_CONDITIONS = DEBUG;
				SWIFT_OPTIMIZATION_LEVEL = "-Onone";
			};
			name = Debug;
		};
		952BD0931F85A004003DC176 /* Release */ = {
			isa = XCBuildConfiguration;
			buildSettings = {
				ALWAYS_SEARCH_USER_PATHS = NO;
				CLANG_ANALYZER_NONNULL = YES;
				CLANG_ANALYZER_NUMBER_OBJECT_CONVERSION = YES_AGGRESSIVE;
				CLANG_CXX_LANGUAGE_STANDARD = "gnu++14";
				CLANG_CXX_LIBRARY = "libc++";
				CLANG_ENABLE_MODULES = YES;
				CLANG_ENABLE_OBJC_ARC = YES;
				CLANG_WARN_BLOCK_CAPTURE_AUTORELEASING = YES;
				CLANG_WARN_BOOL_CONVERSION = YES;
				CLANG_WARN_COMMA = YES;
				CLANG_WARN_CONSTANT_CONVERSION = YES;
				CLANG_WARN_DIRECT_OBJC_ISA_USAGE = YES_ERROR;
				CLANG_WARN_DOCUMENTATION_COMMENTS = YES;
				CLANG_WARN_EMPTY_BODY = YES;
				CLANG_WARN_ENUM_CONVERSION = YES;
				CLANG_WARN_INFINITE_RECURSION = YES;
				CLANG_WARN_INT_CONVERSION = YES;
				CLANG_WARN_NON_LITERAL_NULL_CONVERSION = YES;
				CLANG_WARN_OBJC_LITERAL_CONVERSION = YES;
				CLANG_WARN_OBJC_ROOT_CLASS = YES_ERROR;
				CLANG_WARN_RANGE_LOOP_ANALYSIS = YES;
				CLANG_WARN_STRICT_PROTOTYPES = YES;
				CLANG_WARN_SUSPICIOUS_MOVE = YES;
				CLANG_WARN_UNGUARDED_AVAILABILITY = YES_AGGRESSIVE;
				CLANG_WARN_UNREACHABLE_CODE = YES;
				CLANG_WARN__DUPLICATE_METHOD_MATCH = YES;
				CODE_SIGN_IDENTITY = "iPhone Developer";
				COPY_PHASE_STRIP = NO;
				DEBUG_INFORMATION_FORMAT = "dwarf-with-dsym";
				ENABLE_NS_ASSERTIONS = NO;
				ENABLE_STRICT_OBJC_MSGSEND = YES;
				GCC_C_LANGUAGE_STANDARD = gnu11;
				GCC_NO_COMMON_BLOCKS = YES;
				GCC_WARN_64_TO_32_BIT_CONVERSION = YES;
				GCC_WARN_ABOUT_RETURN_TYPE = YES_ERROR;
				GCC_WARN_UNDECLARED_SELECTOR = YES;
				GCC_WARN_UNINITIALIZED_AUTOS = YES_AGGRESSIVE;
				GCC_WARN_UNUSED_FUNCTION = YES;
				GCC_WARN_UNUSED_VARIABLE = YES;
				IPHONEOS_DEPLOYMENT_TARGET = 11.0;
				MTL_ENABLE_DEBUG_INFO = NO;
				SDKROOT = iphoneos;
				SWIFT_OPTIMIZATION_LEVEL = "-Owholemodule";
				VALIDATE_PRODUCT = YES;
			};
			name = Release;
		};
		952BD0951F85A004003DC176 /* Debug */ = {
			isa = XCBuildConfiguration;
			buildSettings = {
				ASSETCATALOG_COMPILER_APPICON_NAME = AppIcon;
				CODE_SIGN_STYLE = Automatic;
				INFOPLIST_FILE = "RGB Color Slider/Info.plist";
				LD_RUNPATH_SEARCH_PATHS = "$(inherited) @executable_path/Frameworks";
				PRODUCT_BUNDLE_IDENTIFIER = "apple.com.RGB-Color-Slider";
				PRODUCT_NAME = "$(TARGET_NAME)";
				SWIFT_VERSION = 4.0;
				TARGETED_DEVICE_FAMILY = "1,2";
			};
			name = Debug;
		};
		952BD0961F85A004003DC176 /* Release */ = {
			isa = XCBuildConfiguration;
			buildSettings = {
				ASSETCATALOG_COMPILER_APPICON_NAME = AppIcon;
				CODE_SIGN_STYLE = Automatic;
				INFOPLIST_FILE = "RGB Color Slider/Info.plist";
				LD_RUNPATH_SEARCH_PATHS = "$(inherited) @executable_path/Frameworks";
				PRODUCT_BUNDLE_IDENTIFIER = "apple.com.RGB-Color-Slider";
				PRODUCT_NAME = "$(TARGET_NAME)";
				SWIFT_VERSION = 4.0;
				TARGETED_DEVICE_FAMILY = "1,2";
			};
			name = Release;
		};
		952BD0981F85A004003DC176 /* Debug */ = {
			isa = XCBuildConfiguration;
			buildSettings = {
				ALWAYS_EMBED_SWIFT_STANDARD_LIBRARIES = YES;
				BUNDLE_LOADER = "$(TEST_HOST)";
				CODE_SIGN_STYLE = Automatic;
				INFOPLIST_FILE = "RGB Color SliderTests/Info.plist";
				LD_RUNPATH_SEARCH_PATHS = "$(inherited) @executable_path/Frameworks @loader_path/Frameworks";
				PRODUCT_BUNDLE_IDENTIFIER = "apple.com.RGB-Color-SliderTests";
				PRODUCT_NAME = "$(TARGET_NAME)";
				SWIFT_VERSION = 4.0;
				TARGETED_DEVICE_FAMILY = "1,2";
				TEST_HOST = "$(BUILT_PRODUCTS_DIR)/RGB Color Slider.app/RGB Color Slider";
			};
			name = Debug;
		};
		952BD0991F85A004003DC176 /* Release */ = {
			isa = XCBuildConfiguration;
			buildSettings = {
				ALWAYS_EMBED_SWIFT_STANDARD_LIBRARIES = YES;
				BUNDLE_LOADER = "$(TEST_HOST)";
				CODE_SIGN_STYLE = Automatic;
				INFOPLIST_FILE = "RGB Color SliderTests/Info.plist";
				LD_RUNPATH_SEARCH_PATHS = "$(inherited) @executable_path/Frameworks @loader_path/Frameworks";
				PRODUCT_BUNDLE_IDENTIFIER = "apple.com.RGB-Color-SliderTests";
				PRODUCT_NAME = "$(TARGET_NAME)";
				SWIFT_VERSION = 4.0;
				TARGETED_DEVICE_FAMILY = "1,2";
				TEST_HOST = "$(BUILT_PRODUCTS_DIR)/RGB Color Slider.app/RGB Color Slider";
			};
			name = Release;
		};
/* End XCBuildConfiguration section */

/* Begin XCConfigurationList section */
		952BD0721F85A004003DC176 /* Build configuration list for PBXProject "RGB Color Slider" */ = {
			isa = XCConfigurationList;
			buildConfigurations = (
				952BD0921F85A004003DC176 /* Debug */,
				952BD0931F85A004003DC176 /* Release */,
			);
			defaultConfigurationIsVisible = 0;
			defaultConfigurationName = Release;
		};
		952BD0941F85A004003DC176 /* Build configuration list for PBXNativeTarget "RGB Color Slider" */ = {
			isa = XCConfigurationList;
			buildConfigurations = (
				952BD0951F85A004003DC176 /* Debug */,
				952BD0961F85A004003DC176 /* Release */,
			);
			defaultConfigurationIsVisible = 0;
			defaultConfigurationName = Release;
		};
		952BD0971F85A004003DC176 /* Build configuration list for PBXNativeTarget "RGB Color SliderTests" */ = {
			isa = XCConfigurationList;
			buildConfigurations = (
				952BD0981F85A004003DC176 /* Debug */,
				952BD0991F85A004003DC176 /* Release */,
			);
			defaultConfigurationIsVisible = 0;
			defaultConfigurationName = Release;
		};
/* End XCConfigurationList section */
	};
	rootObject = 952BD06F1F85A004003DC176 /* Project object */;
}
